{
  "nodes": {
    "fenix": {
      "inputs": {
        "nixpkgs": [
          "nixpkgs"
        ],
        "rust-analyzer-src": "rust-analyzer-src"
      },
      "locked": {
        "lastModified": 1689747703,
        "narHash": "sha256-abwTXTz2u2P32fN9XRQKV+TUkcRZDfNIQ73mq9fyTxg=",
        "owner": "nix-community",
        "repo": "fenix",
        "rev": "5e70fbab6c431bd8454d336ef06ef609f4d6e6f3",
        "type": "github"
      },
      "original": {
        "owner": "nix-community",
        "repo": "fenix",
        "type": "github"
      }
    },
    "flake-utils": {
      "inputs": {
        "systems": "systems"
      },
      "locked": {
        "lastModified": 1689068808,
        "narHash": "sha256-6ixXo3wt24N/melDWjq70UuHQLxGV8jZvooRanIHXw0=",
        "owner": "numtide",
        "repo": "flake-utils",
        "rev": "919d646de7be200f3bf08cb76ae1f09402b6f9b4",
        "type": "github"
      },
      "original": {
        "owner": "numtide",
        "repo": "flake-utils",
        "type": "github"
      }
    },
    "nixpkgs": {
      "locked": {
        "lastModified": 1689631193,
        "narHash": "sha256-AGSkBZaiTODQc8eT1rZDrQIjtb8JtFwJ0wVPzArlrnM=",
        "owner": "nixos",
        "repo": "nixpkgs",
        "rev": "57695599bdc4f7bfe5d28cfa23f14b3d8bdf8a5f",
        "type": "github"
      },
      "original": {
        "owner": "nixos",
        "ref": "nixpkgs-unstable",
        "repo": "nixpkgs",
        "type": "github"
      }
    },
    "root": {
      "inputs": {
        "fenix": "fenix",
        "flake-utils": "flake-utils",
        "nixpkgs": "nixpkgs",
        "tinygrad": "tinygrad"
      }
    },
    "rust-analyzer-src": {
      "flake": false,
      "locked": {
        "lastModified": 1689689012,
        "narHash": "sha256-zC4p3/A34hio7uEAHlewOmSZkBWSKReSpplVuVHPrwo=",
        "owner": "rust-lang",
        "repo": "rust-analyzer",
        "rev": "3759c41d3c6966eb3aa18ad5916c0da65ff19641",
        "type": "github"
      },
      "original": {
        "owner": "rust-lang",
        "ref": "nightly",
        "repo": "rust-analyzer",
        "type": "github"
      }
    },
    "systems": {
      "locked": {
        "lastModified": 1681028828,
        "narHash": "sha256-Vy1rq5AaRuLzOxct8nz4T6wlgyUR7zLU309k9mBC768=",
        "owner": "nix-systems",
        "repo": "default",
        "rev": "da67096a3b9bf56a91d16901293e51ba5b49a27e",
        "type": "github"
      },
      "original": {
        "owner": "nix-systems",
        "repo": "default",
        "type": "github"
      }
    },
    "tinygrad": {
      "flake": false,
      "locked": {
        "lastModified": 1689787353,
        "narHash": "sha256-1ZMk/+DeVtDHmwQzGx/HPT0LXFSJ/6lC9gIqBi27gok=",
        "owner": "geohot",
        "repo": "tinygrad",
        "rev": "3db57d3118e5794e9cc9117e7da90bb4c8d28e6e",
        "type": "github"
      },
      "original": {
        "owner": "geohot",
        "repo": "tinygrad",
        "type": "github"
      }
    }
  },
  "root": "root",
  "version": 7
}
