{
  "nodes": {
    "flake-utils": {
      "inputs": {
        "systems": "systems"
      },
      "locked": {
        "lastModified": 1701680307,
        "narHash": "sha256-kAuep2h5ajznlPMD9rnQyffWG8EM/C73lejGofXvdM8=",
        "owner": "numtide",
        "repo": "flake-utils",
        "rev": "4022d587cbbfd70fe950c1e2083a02621806a725",
        "type": "github"
      },
      "original": {
        "owner": "numtide",
        "repo": "flake-utils",
        "type": "github"
      }
    },
    "flake-utils_2": {
      "inputs": {
        "systems": "systems_2"
      },
      "locked": {
        "lastModified": 1701680307,
        "narHash": "sha256-kAuep2h5ajznlPMD9rnQyffWG8EM/C73lejGofXvdM8=",
        "owner": "numtide",
        "repo": "flake-utils",
        "rev": "4022d587cbbfd70fe950c1e2083a02621806a725",
        "type": "github"
      },
      "original": {
        "owner": "numtide",
        "repo": "flake-utils",
        "type": "github"
      }
    },
    "gpuctypes": {
      "flake": false,
      "locked": {
        "lastModified": 1701033470,
        "narHash": "sha256-bYSjCrVO6Bd/oGCLLp5AcPEe6fFUdnJwxCzRWK54AG8=",
        "owner": "tinygrad",
        "repo": "gpuctypes",
        "rev": "3d402bb3bd5536aeb09c55da02277c339b4af089",
        "type": "github"
      },
      "original": {
        "owner": "tinygrad",
        "repo": "gpuctypes",
        "type": "github"
      }
    },
    "nixpkgs": {
      "locked": {
        "lastModified": 1703134684,
        "narHash": "sha256-SQmng1EnBFLzS7WSRyPM9HgmZP2kLJcPAz+Ug/nug6o=",
        "owner": "nixos",
        "repo": "nixpkgs",
        "rev": "d6863cbcbbb80e71cecfc03356db1cda38919523",
        "type": "github"
      },
      "original": {
        "owner": "nixos",
        "ref": "nixpkgs-unstable",
        "repo": "nixpkgs",
        "type": "github"
      }
    },
    "nixpkgs_2": {
      "locked": {
        "lastModified": 1703134684,
        "narHash": "sha256-SQmng1EnBFLzS7WSRyPM9HgmZP2kLJcPAz+Ug/nug6o=",
        "owner": "nixos",
        "repo": "nixpkgs",
        "rev": "d6863cbcbbb80e71cecfc03356db1cda38919523",
        "type": "github"
      },
      "original": {
        "owner": "nixos",
        "ref": "nixpkgs-unstable",
        "repo": "nixpkgs",
        "type": "github"
      }
    },
    "root": {
      "inputs": {
        "flake-utils": "flake-utils",
        "nixpkgs": "nixpkgs",
        "tinygrad": "tinygrad"
      }
    },
    "systems": {
      "locked": {
        "lastModified": 1681028828,
        "narHash": "sha256-Vy1rq5AaRuLzOxct8nz4T6wlgyUR7zLU309k9mBC768=",
        "owner": "nix-systems",
        "repo": "default",
        "rev": "da67096a3b9bf56a91d16901293e51ba5b49a27e",
        "type": "github"
      },
      "original": {
        "owner": "nix-systems",
        "repo": "default",
        "type": "github"
      }
    },
    "systems_2": {
      "locked": {
        "lastModified": 1681028828,
        "narHash": "sha256-Vy1rq5AaRuLzOxct8nz4T6wlgyUR7zLU309k9mBC768=",
        "owner": "nix-systems",
        "repo": "default",
        "rev": "da67096a3b9bf56a91d16901293e51ba5b49a27e",
        "type": "github"
      },
      "original": {
        "owner": "nix-systems",
        "repo": "default",
        "type": "github"
      }
    },
    "tinygrad": {
      "inputs": {
        "flake-utils": "flake-utils_2",
        "gpuctypes": "gpuctypes",
        "nixpkgs": "nixpkgs_2",
        "tinygrad": "tinygrad_2"
      },
      "locked": {
        "lastModified": 1703441911,
        "narHash": "sha256-bsNfW8xLyoOOs+Acck34V9TGNlXYTyvCFy8CDyIgQlA=",
        "owner": "wozeparrot",
        "repo": "tinygrad-nix",
        "rev": "7ccee0fd70b0d03f8e1a904289f3a632711c0fc3",
        "type": "github"
      },
      "original": {
        "owner": "wozeparrot",
        "repo": "tinygrad-nix",
        "type": "github"
      }
    },
    "tinygrad_2": {
      "flake": false,
      "locked": {
        "lastModified": 1703481355,
        "narHash": "sha256-WNE13uHiS/Eu7zEkGmGf3XuF/vrlUcYx2gCovlpzIvs=",
        "owner": "tinygrad",
        "repo": "tinygrad",
        "rev": "b469fe37238012028ef1f60baf661733368833b1",
        "type": "github"
      },
      "original": {
        "owner": "tinygrad",
        "repo": "tinygrad",
        "type": "github"
      }
    }
  },
  "root": "root",
  "version": 7
}
