{
  "nodes": {
    "flake-utils": {
      "inputs": {
        "systems": "systems"
      },
      "locked": {
        "lastModified": 1705309234,
        "narHash": "sha256-uNRRNRKmJyCRC/8y1RqBkqWBLM034y4qN7EprSdmgyA=",
        "owner": "numtide",
        "repo": "flake-utils",
        "rev": "1ef2e671c3b0c19053962c07dbda38332dcebf26",
        "type": "github"
      },
      "original": {
        "owner": "numtide",
        "repo": "flake-utils",
        "type": "github"
      }
    },
    "flake-utils_2": {
      "inputs": {
        "systems": "systems_2"
      },
      "locked": {
        "lastModified": 1709126324,
        "narHash": "sha256-q6EQdSeUZOG26WelxqkmR7kArjgWCdw5sfJVHPH/7j8=",
        "owner": "numtide",
        "repo": "flake-utils",
        "rev": "d465f4819400de7c8d874d50b982301f28a84605",
        "type": "github"
      },
      "original": {
        "owner": "numtide",
        "repo": "flake-utils",
        "type": "github"
      }
    },
    "nixpkgs": {
      "locked": {
        "lastModified": 1708407374,
        "narHash": "sha256-EECzarm+uqnNDCwaGg/ppXCO11qibZ1iigORShkkDf0=",
        "owner": "nixos",
        "repo": "nixpkgs",
        "rev": "f33dd27a47ebdf11dc8a5eb05e7c8fbdaf89e73f",
        "type": "github"
      },
      "original": {
        "owner": "nixos",
        "ref": "nixpkgs-unstable",
        "repo": "nixpkgs",
        "type": "github"
      }
    },
    "nixpkgs_2": {
      "locked": {
        "lastModified": 1709386671,
        "narHash": "sha256-VPqfBnIJ+cfa78pd4Y5Cr6sOWVW8GYHRVucxJGmRf8Q=",
        "owner": "nixos",
        "repo": "nixpkgs",
        "rev": "fa9a51752f1b5de583ad5213eb621be071806663",
        "type": "github"
      },
      "original": {
        "owner": "nixos",
        "ref": "nixpkgs-unstable",
        "repo": "nixpkgs",
        "type": "github"
      }
    },
    "root": {
      "inputs": {
        "flake-utils": "flake-utils",
        "nixpkgs": "nixpkgs",
        "tinygrad": "tinygrad"
      }
    },
    "systems": {
      "locked": {
        "lastModified": 1681028828,
        "narHash": "sha256-Vy1rq5AaRuLzOxct8nz4T6wlgyUR7zLU309k9mBC768=",
        "owner": "nix-systems",
        "repo": "default",
        "rev": "da67096a3b9bf56a91d16901293e51ba5b49a27e",
        "type": "github"
      },
      "original": {
        "owner": "nix-systems",
        "repo": "default",
        "type": "github"
      }
    },
    "systems_2": {
      "locked": {
        "lastModified": 1681028828,
        "narHash": "sha256-Vy1rq5AaRuLzOxct8nz4T6wlgyUR7zLU309k9mBC768=",
        "owner": "nix-systems",
        "repo": "default",
        "rev": "da67096a3b9bf56a91d16901293e51ba5b49a27e",
        "type": "github"
      },
      "original": {
        "owner": "nix-systems",
        "repo": "default",
        "type": "github"
      }
    },
    "tinygrad": {
      "inputs": {
        "flake-utils": "flake-utils_2",
        "nixpkgs": "nixpkgs_2",
        "tinygrad": "tinygrad_2"
      },
      "locked": {
        "lastModified": 1709489880,
        "narHash": "sha256-7NCFl+n9YglCXRXAOAz96iDYx7qPAOcqRSQxKXx3G3c=",
        "owner": "wozeparrot",
        "repo": "tinygrad-nix",
        "rev": "87edcd4acf5e3e6136c2ee15912deb1bcfc3c5ca",
        "type": "github"
      },
      "original": {
        "owner": "wozeparrot",
        "repo": "tinygrad-nix",
        "type": "github"
      }
    },
    "tinygrad_2": {
      "flake": false,
      "locked": {
        "lastModified": 1709484536,
        "narHash": "sha256-VKCJSKwn71y5zY69PbO59cUlHyLAETl4c003eKO1iLA=",
        "owner": "tinygrad",
        "repo": "tinygrad",
        "rev": "56d21d77b3fba1f2df20d23daa27eaa8c1b50d40",
        "type": "github"
      },
      "original": {
        "owner": "tinygrad",
        "repo": "tinygrad",
        "type": "github"
      }
    }
  },
  "root": "root",
  "version": 7
}
